
Microsoft Visual Studio Solution File, Format Version 12.00
# Visual Studio Version 17
VisualStudioVersion = 17.2.32630.192
MinimumVisualStudioVersion = 10.0.40219.1
Project("{FAE04EC0-301F-11D3-BF4B-00C04F79EFBC}") = "FIT5032_MyDatabaseFirst", "FIT5032_MyDatabaseFirst\FIT5032_MyDatabaseFirst.csproj", "{001B12C5-EF80-4CFB-84E8-3880AE0CA78B}"
EndProject
Project("{FAE04EC0-301F-11D3-BF4B-00C04F79EFBC}") = "FIT5032_MyDatabaseFirst.Tests", "FIT5032_MyDatabaseFirst.Tests\FIT5032_MyDatabaseFirst.Tests.csproj", "{EE815F6E-F5FA-434A-AB4E-DC34437660F4}"
EndProject
Global
	GlobalSection(SolutionConfigurationPlatforms) = preSolution
		Debug|Any CPU = Debug|Any CPU
		Release|Any CPU = Release|Any CPU
	EndGlobalSection
	GlobalSection(ProjectConfigurationPlatforms) = postSolution
		{001B12C5-EF80-4CFB-84E8-3880AE0CA78B}.Debug|Any CPU.ActiveCfg = Debug|Any CPU
		{001B12C5-EF80-4CFB-84E8-3880AE0CA78B}.Debug|Any CPU.Build.0 = Debug|Any CPU
		{001B12C5-EF80-4CFB-84E8-3880AE0CA78B}.Release|Any CPU.ActiveCfg = Release|Any CPU
		{001B12C5-EF80-4CFB-84E8-3880AE0CA78B}.Release|Any CPU.Build.0 = Release|Any CPU
		{EE815F6E-F5FA-434A-AB4E-DC34437660F4}.Debug|Any CPU.ActiveCfg = Debug|Any CPU
		{EE815F6E-F5FA-434A-AB4E-DC34437660F4}.Debug|Any CPU.Build.0 = Debug|Any CPU
		{EE815F6E-F5FA-434A-AB4E-DC34437660F4}.Release|Any CPU.ActiveCfg = Release|Any CPU
		{EE815F6E-F5FA-434A-AB4E-DC34437660F4}.Release|Any CPU.Build.0 = Release|Any CPU
	EndGlobalSection
	GlobalSection(SolutionProperties) = preSolution
		HideSolutionNode = FALSE
	EndGlobalSection
	GlobalSection(ExtensibilityGlobals) = postSolution
		SolutionGuid = {31EEEA64-1809-47A3-AC95-51FD95FBFCF0}
	EndGlobalSection
EndGlobal
