
Microsoft Visual Studio Solution File, Format Version 12.00
# Visual Studio Version 17
VisualStudioVersion = 17.2.32630.192
MinimumVisualStudioVersion = 10.0.40219.1
Project("{FAE04EC0-301F-11D3-BF4B-00C04F79EFBC}") = "FIT5032_Assignment_v1", "FIT5032_Assignment_v1\FIT5032_Assignment_v1.csproj", "{BC67B1C7-3F3E-454F-B6D3-D84D41614991}"
EndProject
Global
	GlobalSection(SolutionConfigurationPlatforms) = preSolution
		Debug|Any CPU = Debug|Any CPU
		Release|Any CPU = Release|Any CPU
	EndGlobalSection
	GlobalSection(ProjectConfigurationPlatforms) = postSolution
		{BC67B1C7-3F3E-454F-B6D3-D84D41614991}.Debug|Any CPU.ActiveCfg = Debug|Any CPU
		{BC67B1C7-3F3E-454F-B6D3-D84D41614991}.Debug|Any CPU.Build.0 = Debug|Any CPU
		{BC67B1C7-3F3E-454F-B6D3-D84D41614991}.Release|Any CPU.ActiveCfg = Release|Any CPU
		{BC67B1C7-3F3E-454F-B6D3-D84D41614991}.Release|Any CPU.Build.0 = Release|Any CPU
	EndGlobalSection
	GlobalSection(SolutionProperties) = preSolution
		HideSolutionNode = FALSE
	EndGlobalSection
	GlobalSection(ExtensibilityGlobals) = postSolution
		SolutionGuid = {DC735BC8-CAEC-4503-AAD3-B5ED60F95286}
	EndGlobalSection
EndGlobal
