
Microsoft Visual Studio Solution File, Format Version 12.00
# Visual Studio Version 17
VisualStudioVersion = 17.3.32922.545
MinimumVisualStudioVersion = 10.0.40219.1
Project("{FAE04EC0-301F-11D3-BF4B-00C04F79EFBC}") = "TodoApi", "TodoApi\TodoApi.csproj", "{D5060EF0-B05E-47A8-95C4-F4CB5AD07512}"
EndProject
Global
	GlobalSection(SolutionConfigurationPlatforms) = preSolution
		Debug|Any CPU = Debug|Any CPU
		Release|Any CPU = Release|Any CPU
	EndGlobalSection
	GlobalSection(ProjectConfigurationPlatforms) = postSolution
		{D5060EF0-B05E-47A8-95C4-F4CB5AD07512}.Debug|Any CPU.ActiveCfg = Debug|Any CPU
		{D5060EF0-B05E-47A8-95C4-F4CB5AD07512}.Debug|Any CPU.Build.0 = Debug|Any CPU
		{D5060EF0-B05E-47A8-95C4-F4CB5AD07512}.Release|Any CPU.ActiveCfg = Release|Any CPU
		{D5060EF0-B05E-47A8-95C4-F4CB5AD07512}.Release|Any CPU.Build.0 = Release|Any CPU
	EndGlobalSection
	GlobalSection(SolutionProperties) = preSolution
		HideSolutionNode = FALSE
	EndGlobalSection
	GlobalSection(ExtensibilityGlobals) = postSolution
		SolutionGuid = {9D70A86F-3A31-4A89-AC09-9F9FA46CF516}
	EndGlobalSection
EndGlobal
