
Microsoft Visual Studio Solution File, Format Version 12.00
# Visual Studio Version 17
VisualStudioVersion = 17.2.32630.192
MinimumVisualStudioVersion = 10.0.40219.1
Project("{FAE04EC0-301F-11D3-BF4B-00C04F79EFBC}") = "FIT5032_MyCSS", "FIT5032_MyCSS\FIT5032_MyCSS.csproj", "{2E60DF84-58C7-41A4-8459-6EB914FCE390}"
EndProject
Project("{FAE04EC0-301F-11D3-BF4B-00C04F79EFBC}") = "FIT5032_MyCSS.Tests", "FIT5032_MyCSS.Tests\FIT5032_MyCSS.Tests.csproj", "{9D16C04A-657E-40FC-965A-4806A525D958}"
EndProject
Global
	GlobalSection(SolutionConfigurationPlatforms) = preSolution
		Debug|Any CPU = Debug|Any CPU
		Release|Any CPU = Release|Any CPU
	EndGlobalSection
	GlobalSection(ProjectConfigurationPlatforms) = postSolution
		{2E60DF84-58C7-41A4-8459-6EB914FCE390}.Debug|Any CPU.ActiveCfg = Debug|Any CPU
		{2E60DF84-58C7-41A4-8459-6EB914FCE390}.Debug|Any CPU.Build.0 = Debug|Any CPU
		{2E60DF84-58C7-41A4-8459-6EB914FCE390}.Release|Any CPU.ActiveCfg = Release|Any CPU
		{2E60DF84-58C7-41A4-8459-6EB914FCE390}.Release|Any CPU.Build.0 = Release|Any CPU
		{9D16C04A-657E-40FC-965A-4806A525D958}.Debug|Any CPU.ActiveCfg = Debug|Any CPU
		{9D16C04A-657E-40FC-965A-4806A525D958}.Debug|Any CPU.Build.0 = Debug|Any CPU
		{9D16C04A-657E-40FC-965A-4806A525D958}.Release|Any CPU.ActiveCfg = Release|Any CPU
		{9D16C04A-657E-40FC-965A-4806A525D958}.Release|Any CPU.Build.0 = Release|Any CPU
	EndGlobalSection
	GlobalSection(SolutionProperties) = preSolution
		HideSolutionNode = FALSE
	EndGlobalSection
	GlobalSection(ExtensibilityGlobals) = postSolution
		SolutionGuid = {463A8F9E-7E53-4BE6-894D-E7229F7B471A}
	EndGlobalSection
EndGlobal
